
Microsoft Visual Studio Solution File, Format Version 12.00
# Visual Studio Version 17
VisualStudioVersion = 17.9.34622.214
MinimumVisualStudioVersion = 10.0.40219.1
Project("{FAE04EC0-301F-11D3-BF4B-00C04F79EFBC}") = "HW 08", "HW 08\HW 08.csproj", "{7418BD2A-5CFE-474C-B454-BFD5A5EECFC4}"
EndProject
Project("{FAE04EC0-301F-11D3-BF4B-00C04F79EFBC}") = "Lists", "Lists\Lists.csproj", "{0A0A6D0F-2FF0-48C3-8C16-FE0816CE29FF}"
EndProject
Project("{FAE04EC0-301F-11D3-BF4B-00C04F79EFBC}") = "ClassAnimal", "ClassAnimal\ClassAnimal.csproj", "{B5C9FDFB-BBFB-4547-8E76-7E9F137E4D53}"
EndProject
Global
	GlobalSection(SolutionConfigurationPlatforms) = preSolution
		Debug|Any CPU = Debug|Any CPU
		Release|Any CPU = Release|Any CPU
	EndGlobalSection
	GlobalSection(ProjectConfigurationPlatforms) = postSolution
		{7418BD2A-5CFE-474C-B454-BFD5A5EECFC4}.Debug|Any CPU.ActiveCfg = Debug|Any CPU
		{7418BD2A-5CFE-474C-B454-BFD5A5EECFC4}.Debug|Any CPU.Build.0 = Debug|Any CPU
		{7418BD2A-5CFE-474C-B454-BFD5A5EECFC4}.Release|Any CPU.ActiveCfg = Release|Any CPU
		{7418BD2A-5CFE-474C-B454-BFD5A5EECFC4}.Release|Any CPU.Build.0 = Release|Any CPU
		{0A0A6D0F-2FF0-48C3-8C16-FE0816CE29FF}.Debug|Any CPU.ActiveCfg = Debug|Any CPU
		{0A0A6D0F-2FF0-48C3-8C16-FE0816CE29FF}.Debug|Any CPU.Build.0 = Debug|Any CPU
		{0A0A6D0F-2FF0-48C3-8C16-FE0816CE29FF}.Release|Any CPU.ActiveCfg = Release|Any CPU
		{0A0A6D0F-2FF0-48C3-8C16-FE0816CE29FF}.Release|Any CPU.Build.0 = Release|Any CPU
		{B5C9FDFB-BBFB-4547-8E76-7E9F137E4D53}.Debug|Any CPU.ActiveCfg = Debug|Any CPU
		{B5C9FDFB-BBFB-4547-8E76-7E9F137E4D53}.Debug|Any CPU.Build.0 = Debug|Any CPU
		{B5C9FDFB-BBFB-4547-8E76-7E9F137E4D53}.Release|Any CPU.ActiveCfg = Release|Any CPU
		{B5C9FDFB-BBFB-4547-8E76-7E9F137E4D53}.Release|Any CPU.Build.0 = Release|Any CPU
	EndGlobalSection
	GlobalSection(SolutionProperties) = preSolution
		HideSolutionNode = FALSE
	EndGlobalSection
	GlobalSection(ExtensibilityGlobals) = postSolution
		SolutionGuid = {E781FA6C-9BA6-47A8-9570-281A0968243D}
	EndGlobalSection
EndGlobal
